// !$*UTF8*$!
{
	archiveVersion = 1;
	classes = {
	};
	objectVersion = 55;
	objects = {

/* Begin PBXBuildFile section */
		3911117727BC9487004A7347 /* AppDelegate.swift in Sources */ = {isa = PBXBuildFile; fileRef = 3911117627BC9487004A7347 /* AppDelegate.swift */; };
		3911117927BC9487004A7347 /* SceneDelegate.swift in Sources */ = {isa = PBXBuildFile; fileRef = 3911117827BC9487004A7347 /* SceneDelegate.swift */; };
		3911117B27BC9487004A7347 /* FirstViewController.swift in Sources */ = {isa = PBXBuildFile; fileRef = 3911117A27BC9487004A7347 /* FirstViewController.swift */; };
		3911117E27BC9487004A7347 /* Main.storyboard in Resources */ = {isa = PBXBuildFile; fileRef = 3911117C27BC9487004A7347 /* Main.storyboard */; };
		3911118027BC9489004A7347 /* Assets.xcassets in Resources */ = {isa = PBXBuildFile; fileRef = 3911117F27BC9489004A7347 /* Assets.xcassets */; };
		3911118327BC9489004A7347 /* LaunchScreen.storyboard in Resources */ = {isa = PBXBuildFile; fileRef = 3911118127BC9489004A7347 /* LaunchScreen.storyboard */; };
		391111A827BC9505004A7347 /* ResultCode.swift in Sources */ = {isa = PBXBuildFile; fileRef = 391111A727BC9505004A7347 /* ResultCode.swift */; };
		391111AB27BC9548004A7347 /* BaseViewController.swift in Sources */ = {isa = PBXBuildFile; fileRef = 391111AA27BC9548004A7347 /* BaseViewController.swift */; };
		391111AE27BC958C004A7347 /* OnViewControllerResult.swift in Sources */ = {isa = PBXBuildFile; fileRef = 391111AD27BC958C004A7347 /* OnViewControllerResult.swift */; };
		3940A56527BC9922000A4C30 /* ExampleObject.swift in Sources */ = {isa = PBXBuildFile; fileRef = 3940A56427BC9922000A4C30 /* ExampleObject.swift */; };
		3940A56727BC9D31000A4C30 /* SecondViewController.swift in Sources */ = {isa = PBXBuildFile; fileRef = 3940A56627BC9D31000A4C30 /* SecondViewController.swift */; };
		3940A56927BC9D70000A4C30 /* ThirdViewController.swift in Sources */ = {isa = PBXBuildFile; fileRef = 3940A56827BC9D70000A4C30 /* ThirdViewController.swift */; };
		3940A56C27BC9F21000A4C30 /* Extension.swift in Sources */ = {isa = PBXBuildFile; fileRef = 3940A56B27BC9F21000A4C30 /* Extension.swift */; };
/* End PBXBuildFile section */

/* Begin PBXContainerItemProxy section */
		3911118A27BC9489004A7347 /* PBXContainerItemProxy */ = {
			isa = PBXContainerItemProxy;
			containerPortal = 3911116B27BC9487004A7347 /* Project object */;
			proxyType = 1;
			remoteGlobalIDString = 3911117227BC9487004A7347;
			remoteInfo = onViewControllerResult;
		};
		3911119427BC9489004A7347 /* PBXContainerItemProxy */ = {
			isa = PBXContainerItemProxy;
			containerPortal = 3911116B27BC9487004A7347 /* Project object */;
			proxyType = 1;
			remoteGlobalIDString = 3911117227BC9487004A7347;
			remoteInfo = onViewControllerResult;
		};
/* End PBXContainerItemProxy section */

/* Begin PBXFileReference section */
		3911117327BC9487004A7347 /* onViewControllerResult.app */ = {isa = PBXFileReference; explicitFileType = wrapper.application; includeInIndex = 0; path = onViewControllerResult.app; sourceTree = BUILT_PRODUCTS_DIR; };
		3911117627BC9487004A7347 /* AppDelegate.swift */ = {isa = PBXFileReference; lastKnownFileType = sourcecode.swift; path = AppDelegate.swift; sourceTree = "<group>"; };
		3911117827BC9487004A7347 /* SceneDelegate.swift */ = {isa = PBXFileReference; lastKnownFileType = sourcecode.swift; path = SceneDelegate.swift; sourceTree = "<group>"; };
		3911117A27BC9487004A7347 /* FirstViewController.swift */ = {isa = PBXFileReference; lastKnownFileType = sourcecode.swift; path = FirstViewController.swift; sourceTree = "<group>"; };
		3911117D27BC9487004A7347 /* Base */ = {isa = PBXFileReference; lastKnownFileType = file.storyboard; name = Base; path = Base.lproj/Main.storyboard; sourceTree = "<group>"; };
		3911117F27BC9489004A7347 /* Assets.xcassets */ = {isa = PBXFileReference; lastKnownFileType = folder.assetcatalog; path = Assets.xcassets; sourceTree = "<group>"; };
		3911118227BC9489004A7347 /* Base */ = {isa = PBXFileReference; lastKnownFileType = file.storyboard; name = Base; path = Base.lproj/LaunchScreen.storyboard; sourceTree = "<group>"; };
		3911118427BC9489004A7347 /* Info.plist */ = {isa = PBXFileReference; lastKnownFileType = text.plist.xml; path = Info.plist; sourceTree = "<group>"; };
		3911118927BC9489004A7347 /* onViewControllerResultTests.xctest */ = {isa = PBXFileReference; explicitFileType = wrapper.cfbundle; includeInIndex = 0; path = onViewControllerResultTests.xctest; sourceTree = BUILT_PRODUCTS_DIR; };
		3911119327BC9489004A7347 /* onViewControllerResultUITests.xctest */ = {isa = PBXFileReference; explicitFileType = wrapper.cfbundle; includeInIndex = 0; path = onViewControllerResultUITests.xctest; sourceTree = BUILT_PRODUCTS_DIR; };
		391111A727BC9505004A7347 /* ResultCode.swift */ = {isa = PBXFileReference; lastKnownFileType = sourcecode.swift; path = ResultCode.swift; sourceTree = "<group>"; };
		391111AA27BC9548004A7347 /* BaseViewController.swift */ = {isa = PBXFileReference; lastKnownFileType = sourcecode.swift; path = BaseViewController.swift; sourceTree = "<group>"; };
		391111AD27BC958C004A7347 /* OnViewControllerResult.swift */ = {isa = PBXFileReference; lastKnownFileType = sourcecode.swift; path = OnViewControllerResult.swift; sourceTree = "<group>"; };
		3940A56427BC9922000A4C30 /* ExampleObject.swift */ = {isa = PBXFileReference; lastKnownFileType = sourcecode.swift; path = ExampleObject.swift; sourceTree = "<group>"; };
		3940A56627BC9D31000A4C30 /* SecondViewController.swift */ = {isa = PBXFileReference; lastKnownFileType = sourcecode.swift; path = SecondViewController.swift; sourceTree = "<group>"; };
		3940A56827BC9D70000A4C30 /* ThirdViewController.swift */ = {isa = PBXFileReference; lastKnownFileType = sourcecode.swift; path = ThirdViewController.swift; sourceTree = "<group>"; };
		3940A56B27BC9F21000A4C30 /* Extension.swift */ = {isa = PBXFileReference; lastKnownFileType = sourcecode.swift; path = Extension.swift; sourceTree = "<group>"; };
/* End PBXFileReference section */

/* Begin PBXFrameworksBuildPhase section */
		3911117027BC9487004A7347 /* Frameworks */ = {
			isa = PBXFrameworksBuildPhase;
			buildActionMask = 2147483647;
			files = (
			);
			runOnlyForDeploymentPostprocessing = 0;
		};
		3911118627BC9489004A7347 /* Frameworks */ = {
			isa = PBXFrameworksBuildPhase;
			buildActionMask = 2147483647;
			files = (
			);
			runOnlyForDeploymentPostprocessing = 0;
		};
		3911119027BC9489004A7347 /* Frameworks */ = {
			isa = PBXFrameworksBuildPhase;
			buildActionMask = 2147483647;
			files = (
			);
			runOnlyForDeploymentPostprocessing = 0;
		};
/* End PBXFrameworksBuildPhase section */

/* Begin PBXGroup section */
		3911116A27BC9487004A7347 = {
			isa = PBXGroup;
			children = (
				3911117527BC9487004A7347 /* onViewControllerResult */,
				3911117427BC9487004A7347 /* Products */,
			);
			sourceTree = "<group>";
		};
		3911117427BC9487004A7347 /* Products */ = {
			isa = PBXGroup;
			children = (
				3911117327BC9487004A7347 /* onViewControllerResult.app */,
				3911118927BC9489004A7347 /* onViewControllerResultTests.xctest */,
				3911119327BC9489004A7347 /* onViewControllerResultUITests.xctest */,
			);
			name = Products;
			sourceTree = "<group>";
		};
		3911117527BC9487004A7347 /* onViewControllerResult */ = {
			isa = PBXGroup;
			children = (
				3940A56A27BC9EED000A4C30 /* util */,
				3940A56327BC9910000A4C30 /* model */,
				391111AC27BC9574004A7347 /* protocool */,
				391111A927BC951D004A7347 /* view */,
				391111A627BC94DF004A7347 /* enum */,
				3911117627BC9487004A7347 /* AppDelegate.swift */,
				3911117827BC9487004A7347 /* SceneDelegate.swift */,
				3911117C27BC9487004A7347 /* Main.storyboard */,
				3911117F27BC9489004A7347 /* Assets.xcassets */,
				3911118127BC9489004A7347 /* LaunchScreen.storyboard */,
				3911118427BC9489004A7347 /* Info.plist */,
			);
			path = onViewControllerResult;
			sourceTree = "<group>";
		};
		391111A627BC94DF004A7347 /* enum */ = {
			isa = PBXGroup;
			children = (
				391111A727BC9505004A7347 /* ResultCode.swift */,
			);
			path = enum;
			sourceTree = "<group>";
		};
		391111A927BC951D004A7347 /* view */ = {
			isa = PBXGroup;
			children = (
				391111AA27BC9548004A7347 /* BaseViewController.swift */,
				3911117A27BC9487004A7347 /* FirstViewController.swift */,
				3940A56627BC9D31000A4C30 /* SecondViewController.swift */,
				3940A56827BC9D70000A4C30 /* ThirdViewController.swift */,
			);
			path = view;
			sourceTree = "<group>";
		};
		391111AC27BC9574004A7347 /* protocool */ = {
			isa = PBXGroup;
			children = (
				391111AD27BC958C004A7347 /* OnViewControllerResult.swift */,
			);
			path = protocool;
			sourceTree = "<group>";
		};
		3940A56327BC9910000A4C30 /* model */ = {
			isa = PBXGroup;
			children = (
				3940A56427BC9922000A4C30 /* ExampleObject.swift */,
			);
			path = model;
			sourceTree = "<group>";
		};
		3940A56A27BC9EED000A4C30 /* util */ = {
			isa = PBXGroup;
			children = (
				3940A56B27BC9F21000A4C30 /* Extension.swift */,
			);
			path = util;
			sourceTree = "<group>";
		};
/* End PBXGroup section */

/* Begin PBXNativeTarget section */
		3911117227BC9487004A7347 /* onViewControllerResult */ = {
			isa = PBXNativeTarget;
			buildConfigurationList = 3911119D27BC9489004A7347 /* Build configuration list for PBXNativeTarget "onViewControllerResult" */;
			buildPhases = (
				3911116F27BC9487004A7347 /* Sources */,
				3911117027BC9487004A7347 /* Frameworks */,
				3911117127BC9487004A7347 /* Resources */,
			);
			buildRules = (
			);
			dependencies = (
			);
			name = onViewControllerResult;
			productName = onViewControllerResult;
			productReference = 3911117327BC9487004A7347 /* onViewControllerResult.app */;
			productType = "com.apple.product-type.application";
		};
		3911118827BC9489004A7347 /* onViewControllerResultTests */ = {
			isa = PBXNativeTarget;
			buildConfigurationList = 391111A027BC9489004A7347 /* Build configuration list for PBXNativeTarget "onViewControllerResultTests" */;
			buildPhases = (
				3911118527BC9489004A7347 /* Sources */,
				3911118627BC9489004A7347 /* Frameworks */,
				3911118727BC9489004A7347 /* Resources */,
			);
			buildRules = (
			);
			dependencies = (
				3911118B27BC9489004A7347 /* PBXTargetDependency */,
			);
			name = onViewControllerResultTests;
			productName = onViewControllerResultTests;
			productReference = 3911118927BC9489004A7347 /* onViewControllerResultTests.xctest */;
			productType = "com.apple.product-type.bundle.unit-test";
		};
		3911119227BC9489004A7347 /* onViewControllerResultUITests */ = {
			isa = PBXNativeTarget;
			buildConfigurationList = 391111A327BC9489004A7347 /* Build configuration list for PBXNativeTarget "onViewControllerResultUITests" */;
			buildPhases = (
				3911118F27BC9489004A7347 /* Sources */,
				3911119027BC9489004A7347 /* Frameworks */,
				3911119127BC9489004A7347 /* Resources */,
			);
			buildRules = (
			);
			dependencies = (
				3911119527BC9489004A7347 /* PBXTargetDependency */,
			);
			name = onViewControllerResultUITests;
			productName = onViewControllerResultUITests;
			productReference = 3911119327BC9489004A7347 /* onViewControllerResultUITests.xctest */;
			productType = "com.apple.product-type.bundle.ui-testing";
		};
/* End PBXNativeTarget section */

/* Begin PBXProject section */
		3911116B27BC9487004A7347 /* Project object */ = {
			isa = PBXProject;
			attributes = {
				BuildIndependentTargetsInParallel = 1;
				LastSwiftUpdateCheck = 1320;
				LastUpgradeCheck = 1320;
				TargetAttributes = {
					3911117227BC9487004A7347 = {
						CreatedOnToolsVersion = 13.2.1;
					};
					3911118827BC9489004A7347 = {
						CreatedOnToolsVersion = 13.2.1;
						TestTargetID = 3911117227BC9487004A7347;
					};
					3911119227BC9489004A7347 = {
						CreatedOnToolsVersion = 13.2.1;
						TestTargetID = 3911117227BC9487004A7347;
					};
				};
			};
			buildConfigurationList = 3911116E27BC9487004A7347 /* Build configuration list for PBXProject "onViewControllerResult" */;
			compatibilityVersion = "Xcode 13.0";
			developmentRegion = en;
			hasScannedForEncodings = 0;
			knownRegions = (
				en,
				Base,
			);
			mainGroup = 3911116A27BC9487004A7347;
			productRefGroup = 3911117427BC9487004A7347 /* Products */;
			projectDirPath = "";
			projectRoot = "";
			targets = (
				3911117227BC9487004A7347 /* onViewControllerResult */,
				3911118827BC9489004A7347 /* onViewControllerResultTests */,
				3911119227BC9489004A7347 /* onViewControllerResultUITests */,
			);
		};
/* End PBXProject section */

/* Begin PBXResourcesBuildPhase section */
		3911117127BC9487004A7347 /* Resources */ = {
			isa = PBXResourcesBuildPhase;
			buildActionMask = 2147483647;
			files = (
				3911118327BC9489004A7347 /* LaunchScreen.storyboard in Resources */,
				3911118027BC9489004A7347 /* Assets.xcassets in Resources */,
				3911117E27BC9487004A7347 /* Main.storyboard in Resources */,
			);
			runOnlyForDeploymentPostprocessing = 0;
		};
		3911118727BC9489004A7347 /* Resources */ = {
			isa = PBXResourcesBuildPhase;
			buildActionMask = 2147483647;
			files = (
			);
			runOnlyForDeploymentPostprocessing = 0;
		};
		3911119127BC9489004A7347 /* Resources */ = {
			isa = PBXResourcesBuildPhase;
			buildActionMask = 2147483647;
			files = (
			);
			runOnlyForDeploymentPostprocessing = 0;
		};
/* End PBXResourcesBuildPhase section */

/* Begin PBXSourcesBuildPhase section */
		3911116F27BC9487004A7347 /* Sources */ = {
			isa = PBXSourcesBuildPhase;
			buildActionMask = 2147483647;
			files = (
				3940A56727BC9D31000A4C30 /* SecondViewController.swift in Sources */,
				3940A56927BC9D70000A4C30 /* ThirdViewController.swift in Sources */,
				391111AB27BC9548004A7347 /* BaseViewController.swift in Sources */,
				3940A56C27BC9F21000A4C30 /* Extension.swift in Sources */,
				3911117B27BC9487004A7347 /* FirstViewController.swift in Sources */,
				391111AE27BC958C004A7347 /* OnViewControllerResult.swift in Sources */,
				391111A827BC9505004A7347 /* ResultCode.swift in Sources */,
				3911117727BC9487004A7347 /* AppDelegate.swift in Sources */,
				3911117927BC9487004A7347 /* SceneDelegate.swift in Sources */,
				3940A56527BC9922000A4C30 /* ExampleObject.swift in Sources */,
			);
			runOnlyForDeploymentPostprocessing = 0;
		};
		3911118527BC9489004A7347 /* Sources */ = {
			isa = PBXSourcesBuildPhase;
			buildActionMask = 2147483647;
			files = (
			);
			runOnlyForDeploymentPostprocessing = 0;
		};
		3911118F27BC9489004A7347 /* Sources */ = {
			isa = PBXSourcesBuildPhase;
			buildActionMask = 2147483647;
			files = (
			);
			runOnlyForDeploymentPostprocessing = 0;
		};
/* End PBXSourcesBuildPhase section */

/* Begin PBXTargetDependency section */
		3911118B27BC9489004A7347 /* PBXTargetDependency */ = {
			isa = PBXTargetDependency;
			target = 3911117227BC9487004A7347 /* onViewControllerResult */;
			targetProxy = 3911118A27BC9489004A7347 /* PBXContainerItemProxy */;
		};
		3911119527BC9489004A7347 /* PBXTargetDependency */ = {
			isa = PBXTargetDependency;
			target = 3911117227BC9487004A7347 /* onViewControllerResult */;
			targetProxy = 3911119427BC9489004A7347 /* PBXContainerItemProxy */;
		};
/* End PBXTargetDependency section */

/* Begin PBXVariantGroup section */
		3911117C27BC9487004A7347 /* Main.storyboard */ = {
			isa = PBXVariantGroup;
			children = (
				3911117D27BC9487004A7347 /* Base */,
			);
			name = Main.storyboard;
			sourceTree = "<group>";
		};
		3911118127BC9489004A7347 /* LaunchScreen.storyboard */ = {
			isa = PBXVariantGroup;
			children = (
				3911118227BC9489004A7347 /* Base */,
			);
			name = LaunchScreen.storyboard;
			sourceTree = "<group>";
		};
/* End PBXVariantGroup section */

/* Begin XCBuildConfiguration section */
		3911119B27BC9489004A7347 /* Debug */ = {
			isa = XCBuildConfiguration;
			buildSettings = {
				ALWAYS_SEARCH_USER_PATHS = NO;
				CLANG_ANALYZER_NONNULL = YES;
				CLANG_ANALYZER_NUMBER_OBJECT_CONVERSION = YES_AGGRESSIVE;
				CLANG_CXX_LANGUAGE_STANDARD = "gnu++17";
				CLANG_CXX_LIBRARY = "libc++";
				CLANG_ENABLE_MODULES = YES;
				CLANG_ENABLE_OBJC_ARC = YES;
				CLANG_ENABLE_OBJC_WEAK = YES;
				CLANG_WARN_BLOCK_CAPTURE_AUTORELEASING = YES;
				CLANG_WARN_BOOL_CONVERSION = YES;
				CLANG_WARN_COMMA = YES;
				CLANG_WARN_CONSTANT_CONVERSION = YES;
				CLANG_WARN_DEPRECATED_OBJC_IMPLEMENTATIONS = YES;
				CLANG_WARN_DIRECT_OBJC_ISA_USAGE = YES_ERROR;
				CLANG_WARN_DOCUMENTATION_COMMENTS = YES;
				CLANG_WARN_EMPTY_BODY = YES;
				CLANG_WARN_ENUM_CONVERSION = YES;
				CLANG_WARN_INFINITE_RECURSION = YES;
				CLANG_WARN_INT_CONVERSION = YES;
				CLANG_WARN_NON_LITERAL_NULL_CONVERSION = YES;
				CLANG_WARN_OBJC_IMPLICIT_RETAIN_SELF = YES;
				CLANG_WARN_OBJC_LITERAL_CONVERSION = YES;
				CLANG_WARN_OBJC_ROOT_CLASS = YES_ERROR;
				CLANG_WARN_QUOTED_INCLUDE_IN_FRAMEWORK_HEADER = YES;
				CLANG_WARN_RANGE_LOOP_ANALYSIS = YES;
				CLANG_WARN_STRICT_PROTOTYPES = YES;
				CLANG_WARN_SUSPICIOUS_MOVE = YES;
				CLANG_WARN_UNGUARDED_AVAILABILITY = YES_AGGRESSIVE;
				CLANG_WARN_UNREACHABLE_CODE = YES;
				CLANG_WARN__DUPLICATE_METHOD_MATCH = YES;
				COPY_PHASE_STRIP = NO;
				DEBUG_INFORMATION_FORMAT = dwarf;
				ENABLE_STRICT_OBJC_MSGSEND = YES;
				ENABLE_TESTABILITY = YES;
				GCC_C_LANGUAGE_STANDARD = gnu11;
				GCC_DYNAMIC_NO_PIC = NO;
				GCC_NO_COMMON_BLOCKS = YES;
				GCC_OPTIMIZATION_LEVEL = 0;
				GCC_PREPROCESSOR_DEFINITIONS = (
					"DEBUG=1",
					"$(inherited)",
				);
				GCC_WARN_64_TO_32_BIT_CONVERSION = YES;
				GCC_WARN_ABOUT_RETURN_TYPE = YES_ERROR;
				GCC_WARN_UNDECLARED_SELECTOR = YES;
				GCC_WARN_UNINITIALIZED_AUTOS = YES_AGGRESSIVE;
				GCC_WARN_UNUSED_FUNCTION = YES;
				GCC_WARN_UNUSED_VARIABLE = YES;
				IPHONEOS_DEPLOYMENT_TARGET = 15.2;
				MTL_ENABLE_DEBUG_INFO = INCLUDE_SOURCE;
				MTL_FAST_MATH = YES;
				ONLY_ACTIVE_ARCH = YES;
				SDKROOT = iphoneos;
				SWIFT_ACTIVE_COMPILATION_CONDITIONS = DEBUG;
				SWIFT_OPTIMIZATION_LEVEL = "-Onone";
			};
			name = Debug;
		};
		3911119C27BC9489004A7347 /* Release */ = {
			isa = XCBuildConfiguration;
			buildSettings = {
				ALWAYS_SEARCH_USER_PATHS = NO;
				CLANG_ANALYZER_NONNULL = YES;
				CLANG_ANALYZER_NUMBER_OBJECT_CONVERSION = YES_AGGRESSIVE;
				CLANG_CXX_LANGUAGE_STANDARD = "gnu++17";
				CLANG_CXX_LIBRARY = "libc++";
				CLANG_ENABLE_MODULES = YES;
				CLANG_ENABLE_OBJC_ARC = YES;
				CLANG_ENABLE_OBJC_WEAK = YES;
				CLANG_WARN_BLOCK_CAPTURE_AUTORELEASING = YES;
				CLANG_WARN_BOOL_CONVERSION = YES;
				CLANG_WARN_COMMA = YES;
				CLANG_WARN_CONSTANT_CONVERSION = YES;
				CLANG_WARN_DEPRECATED_OBJC_IMPLEMENTATIONS = YES;
				CLANG_WARN_DIRECT_OBJC_ISA_USAGE = YES_ERROR;
				CLANG_WARN_DOCUMENTATION_COMMENTS = YES;
				CLANG_WARN_EMPTY_BODY = YES;
				CLANG_WARN_ENUM_CONVERSION = YES;
				CLANG_WARN_INFINITE_RECURSION = YES;
				CLANG_WARN_INT_CONVERSION = YES;
				CLANG_WARN_NON_LITERAL_NULL_CONVERSION = YES;
				CLANG_WARN_OBJC_IMPLICIT_RETAIN_SELF = YES;
				CLANG_WARN_OBJC_LITERAL_CONVERSION = YES;
				CLANG_WARN_OBJC_ROOT_CLASS = YES_ERROR;
				CLANG_WARN_QUOTED_INCLUDE_IN_FRAMEWORK_HEADER = YES;
				CLANG_WARN_RANGE_LOOP_ANALYSIS = YES;
				CLANG_WARN_STRICT_PROTOTYPES = YES;
				CLANG_WARN_SUSPICIOUS_MOVE = YES;
				CLANG_WARN_UNGUARDED_AVAILABILITY = YES_AGGRESSIVE;
				CLANG_WARN_UNREACHABLE_CODE = YES;
				CLANG_WARN__DUPLICATE_METHOD_MATCH = YES;
				COPY_PHASE_STRIP = NO;
				DEBUG_INFORMATION_FORMAT = "dwarf-with-dsym";
				ENABLE_NS_ASSERTIONS = NO;
				ENABLE_STRICT_OBJC_MSGSEND = YES;
				GCC_C_LANGUAGE_STANDARD = gnu11;
				GCC_NO_COMMON_BLOCKS = YES;
				GCC_WARN_64_TO_32_BIT_CONVERSION = YES;
				GCC_WARN_ABOUT_RETURN_TYPE = YES_ERROR;
				GCC_WARN_UNDECLARED_SELECTOR = YES;
				GCC_WARN_UNINITIALIZED_AUTOS = YES_AGGRESSIVE;
				GCC_WARN_UNUSED_FUNCTION = YES;
				GCC_WARN_UNUSED_VARIABLE = YES;
				IPHONEOS_DEPLOYMENT_TARGET = 15.2;
				MTL_ENABLE_DEBUG_INFO = NO;
				MTL_FAST_MATH = YES;
				SDKROOT = iphoneos;
				SWIFT_COMPILATION_MODE = wholemodule;
				SWIFT_OPTIMIZATION_LEVEL = "-O";
				VALIDATE_PRODUCT = YES;
			};
			name = Release;
		};
		3911119E27BC9489004A7347 /* Debug */ = {
			isa = XCBuildConfiguration;
			buildSettings = {
				ASSETCATALOG_COMPILER_APPICON_NAME = AppIcon;
				ASSETCATALOG_COMPILER_GLOBAL_ACCENT_COLOR_NAME = AccentColor;
				CODE_SIGN_STYLE = Automatic;
				CURRENT_PROJECT_VERSION = 1;
				DEVELOPMENT_TEAM = K3T4DBPF55;
				GENERATE_INFOPLIST_FILE = YES;
				INFOPLIST_FILE = onViewControllerResult/Info.plist;
				INFOPLIST_KEY_UIApplicationSupportsIndirectInputEvents = YES;
				INFOPLIST_KEY_UILaunchStoryboardName = LaunchScreen;
				INFOPLIST_KEY_UIMainStoryboardFile = Main;
				INFOPLIST_KEY_UISupportedInterfaceOrientations_iPad = "UIInterfaceOrientationPortrait UIInterfaceOrientationPortraitUpsideDown UIInterfaceOrientationLandscapeLeft UIInterfaceOrientationLandscapeRight";
				INFOPLIST_KEY_UISupportedInterfaceOrientations_iPhone = "UIInterfaceOrientationPortrait UIInterfaceOrientationLandscapeLeft UIInterfaceOrientationLandscapeRight";
				LD_RUNPATH_SEARCH_PATHS = (
					"$(inherited)",
					"@executable_path/Frameworks",
				);
				MARKETING_VERSION = 1.0;
				PRODUCT_BUNDLE_IDENTIFIER = com.example.onViewControllerResult;
				PRODUCT_NAME = "$(TARGET_NAME)";
				SWIFT_EMIT_LOC_STRINGS = YES;
				SWIFT_VERSION = 5.0;
				TARGETED_DEVICE_FAMILY = "1,2";
			};
			name = Debug;
		};
		3911119F27BC9489004A7347 /* Release */ = {
			isa = XCBuildConfiguration;
			buildSettings = {
				ASSETCATALOG_COMPILER_APPICON_NAME = AppIcon;
				ASSETCATALOG_COMPILER_GLOBAL_ACCENT_COLOR_NAME = AccentColor;
				CODE_SIGN_STYLE = Automatic;
				CURRENT_PROJECT_VERSION = 1;
				DEVELOPMENT_TEAM = K3T4DBPF55;
				GENERATE_INFOPLIST_FILE = YES;
				INFOPLIST_FILE = onViewControllerResult/Info.plist;
				INFOPLIST_KEY_UIApplicationSupportsIndirectInputEvents = YES;
				INFOPLIST_KEY_UILaunchStoryboardName = LaunchScreen;
				INFOPLIST_KEY_UIMainStoryboardFile = Main;
				INFOPLIST_KEY_UISupportedInterfaceOrientations_iPad = "UIInterfaceOrientationPortrait UIInterfaceOrientationPortraitUpsideDown UIInterfaceOrientationLandscapeLeft UIInterfaceOrientationLandscapeRight";
				INFOPLIST_KEY_UISupportedInterfaceOrientations_iPhone = "UIInterfaceOrientationPortrait UIInterfaceOrientationLandscapeLeft UIInterfaceOrientationLandscapeRight";
				LD_RUNPATH_SEARCH_PATHS = (
					"$(inherited)",
					"@executable_path/Frameworks",
				);
				MARKETING_VERSION = 1.0;
				PRODUCT_BUNDLE_IDENTIFIER = com.example.onViewControllerResult;
				PRODUCT_NAME = "$(TARGET_NAME)";
				SWIFT_EMIT_LOC_STRINGS = YES;
				SWIFT_VERSION = 5.0;
				TARGETED_DEVICE_FAMILY = "1,2";
			};
			name = Release;
		};
		391111A127BC9489004A7347 /* Debug */ = {
			isa = XCBuildConfiguration;
			buildSettings = {
				ALWAYS_EMBED_SWIFT_STANDARD_LIBRARIES = YES;
				BUNDLE_LOADER = "$(TEST_HOST)";
				CODE_SIGN_STYLE = Automatic;
				CURRENT_PROJECT_VERSION = 1;
				DEVELOPMENT_TEAM = K3T4DBPF55;
				GENERATE_INFOPLIST_FILE = YES;
				IPHONEOS_DEPLOYMENT_TARGET = 15.2;
				MARKETING_VERSION = 1.0;
				PRODUCT_BUNDLE_IDENTIFIER = com.example.onViewControllerResultTests;
				PRODUCT_NAME = "$(TARGET_NAME)";
				SWIFT_EMIT_LOC_STRINGS = NO;
				SWIFT_VERSION = 5.0;
				TARGETED_DEVICE_FAMILY = "1,2";
				TEST_HOST = "$(BUILT_PRODUCTS_DIR)/onViewControllerResult.app/onViewControllerResult";
			};
			name = Debug;
		};
		391111A227BC9489004A7347 /* Release */ = {
			isa = XCBuildConfiguration;
			buildSettings = {
				ALWAYS_EMBED_SWIFT_STANDARD_LIBRARIES = YES;
				BUNDLE_LOADER = "$(TEST_HOST)";
				CODE_SIGN_STYLE = Automatic;
				CURRENT_PROJECT_VERSION = 1;
				DEVELOPMENT_TEAM = K3T4DBPF55;
				GENERATE_INFOPLIST_FILE = YES;
				IPHONEOS_DEPLOYMENT_TARGET = 15.2;
				MARKETING_VERSION = 1.0;
				PRODUCT_BUNDLE_IDENTIFIER = com.example.onViewControllerResultTests;
				PRODUCT_NAME = "$(TARGET_NAME)";
				SWIFT_EMIT_LOC_STRINGS = NO;
				SWIFT_VERSION = 5.0;
				TARGETED_DEVICE_FAMILY = "1,2";
				TEST_HOST = "$(BUILT_PRODUCTS_DIR)/onViewControllerResult.app/onViewControllerResult";
			};
			name = Release;
		};
		391111A427BC9489004A7347 /* Debug */ = {
			isa = XCBuildConfiguration;
			buildSettings = {
				ALWAYS_EMBED_SWIFT_STANDARD_LIBRARIES = YES;
				CODE_SIGN_STYLE = Automatic;
				CURRENT_PROJECT_VERSION = 1;
				DEVELOPMENT_TEAM = K3T4DBPF55;
				GENERATE_INFOPLIST_FILE = YES;
				MARKETING_VERSION = 1.0;
				PRODUCT_BUNDLE_IDENTIFIER = com.example.onViewControllerResultUITests;
				PRODUCT_NAME = "$(TARGET_NAME)";
				SWIFT_EMIT_LOC_STRINGS = NO;
				SWIFT_VERSION = 5.0;
				TARGETED_DEVICE_FAMILY = "1,2";
				TEST_TARGET_NAME = onViewControllerResult;
			};
			name = Debug;
		};
		391111A527BC9489004A7347 /* Release */ = {
			isa = XCBuildConfiguration;
			buildSettings = {
				ALWAYS_EMBED_SWIFT_STANDARD_LIBRARIES = YES;
				CODE_SIGN_STYLE = Automatic;
				CURRENT_PROJECT_VERSION = 1;
				DEVELOPMENT_TEAM = K3T4DBPF55;
				GENERATE_INFOPLIST_FILE = YES;
				MARKETING_VERSION = 1.0;
				PRODUCT_BUNDLE_IDENTIFIER = com.example.onViewControllerResultUITests;
				PRODUCT_NAME = "$(TARGET_NAME)";
				SWIFT_EMIT_LOC_STRINGS = NO;
				SWIFT_VERSION = 5.0;
				TARGETED_DEVICE_FAMILY = "1,2";
				TEST_TARGET_NAME = onViewControllerResult;
			};
			name = Release;
		};
/* End XCBuildConfiguration section */

/* Begin XCConfigurationList section */
		3911116E27BC9487004A7347 /* Build configuration list for PBXProject "onViewControllerResult" */ = {
			isa = XCConfigurationList;
			buildConfigurations = (
				3911119B27BC9489004A7347 /* Debug */,
				3911119C27BC9489004A7347 /* Release */,
			);
			defaultConfigurationIsVisible = 0;
			defaultConfigurationName = Release;
		};
		3911119D27BC9489004A7347 /* Build configuration list for PBXNativeTarget "onViewControllerResult" */ = {
			isa = XCConfigurationList;
			buildConfigurations = (
				3911119E27BC9489004A7347 /* Debug */,
				3911119F27BC9489004A7347 /* Release */,
			);
			defaultConfigurationIsVisible = 0;
			defaultConfigurationName = Release;
		};
		391111A027BC9489004A7347 /* Build configuration list for PBXNativeTarget "onViewControllerResultTests" */ = {
			isa = XCConfigurationList;
			buildConfigurations = (
				391111A127BC9489004A7347 /* Debug */,
				391111A227BC9489004A7347 /* Release */,
			);
			defaultConfigurationIsVisible = 0;
			defaultConfigurationName = Release;
		};
		391111A327BC9489004A7347 /* Build configuration list for PBXNativeTarget "onViewControllerResultUITests" */ = {
			isa = XCConfigurationList;
			buildConfigurations = (
				391111A427BC9489004A7347 /* Debug */,
				391111A527BC9489004A7347 /* Release */,
			);
			defaultConfigurationIsVisible = 0;
			defaultConfigurationName = Release;
		};
/* End XCConfigurationList section */
	};
	rootObject = 3911116B27BC9487004A7347 /* Project object */;
}
